
Microsoft Visual Studio Solution File, Format Version 12.00
# Visual Studio Version 17
VisualStudioVersion = 17.13.35919.96 d17.13
MinimumVisualStudioVersion = 10.0.40219.1
Project("{FAE04EC0-301F-11D3-BF4B-00C04F79EFBC}") = "SocialMedia.Api", "SocialMedia.Api\SocialMedia.Api.csproj", "{68C81B83-856E-44BB-9711-06CFC73C876A}"
EndProject
Project("{FAE04EC0-301F-11D3-BF4B-00C04F79EFBC}") = "SocialMedia.Infrastructure", "SocialMedia.Infrastructure\SocialMedia.Infrastructure.csproj", "{6F8E95E9-5CF3-4EAB-BBDF-0ADFBC8AAEFB}"
EndProject
Project("{FAE04EC0-301F-11D3-BF4B-00C04F79EFBC}") = "SocialMedia.Core", "SocialMedia.Core\SocialMedia.Core.csproj", "{E1B433EB-20F0-4313-A832-4DF9B743D900}"
EndProject
Global
	GlobalSection(SolutionConfigurationPlatforms) = preSolution
		Debug|Any CPU = Debug|Any CPU
		Release|Any CPU = Release|Any CPU
	EndGlobalSection
	GlobalSection(ProjectConfigurationPlatforms) = postSolution
		{68C81B83-856E-44BB-9711-06CFC73C876A}.Debug|Any CPU.ActiveCfg = Debug|Any CPU
		{68C81B83-856E-44BB-9711-06CFC73C876A}.Debug|Any CPU.Build.0 = Debug|Any CPU
		{68C81B83-856E-44BB-9711-06CFC73C876A}.Release|Any CPU.ActiveCfg = Release|Any CPU
		{68C81B83-856E-44BB-9711-06CFC73C876A}.Release|Any CPU.Build.0 = Release|Any CPU
		{6F8E95E9-5CF3-4EAB-BBDF-0ADFBC8AAEFB}.Debug|Any CPU.ActiveCfg = Debug|Any CPU
		{6F8E95E9-5CF3-4EAB-BBDF-0ADFBC8AAEFB}.Debug|Any CPU.Build.0 = Debug|Any CPU
		{6F8E95E9-5CF3-4EAB-BBDF-0ADFBC8AAEFB}.Release|Any CPU.ActiveCfg = Release|Any CPU
		{6F8E95E9-5CF3-4EAB-BBDF-0ADFBC8AAEFB}.Release|Any CPU.Build.0 = Release|Any CPU
		{E1B433EB-20F0-4313-A832-4DF9B743D900}.Debug|Any CPU.ActiveCfg = Debug|Any CPU
		{E1B433EB-20F0-4313-A832-4DF9B743D900}.Debug|Any CPU.Build.0 = Debug|Any CPU
		{E1B433EB-20F0-4313-A832-4DF9B743D900}.Release|Any CPU.ActiveCfg = Release|Any CPU
		{E1B433EB-20F0-4313-A832-4DF9B743D900}.Release|Any CPU.Build.0 = Release|Any CPU
	EndGlobalSection
	GlobalSection(SolutionProperties) = preSolution
		HideSolutionNode = FALSE
	EndGlobalSection
	GlobalSection(ExtensibilityGlobals) = postSolution
		SolutionGuid = {0A034EA3-92D0-4C44-BE9D-D7EE03FCF083}
	EndGlobalSection
EndGlobal
